
Microsoft Visual Studio Solution File, Format Version 12.00
# Visual Studio Version 16
VisualStudioVersion = 16.0.30406.217
MinimumVisualStudioVersion = 10.0.40219.1
Project("{FAE04EC0-301F-11D3-BF4B-00C04F79EFBC}") = "PR4", "PR4\PR4.csproj", "{1DA60283-C7FF-4CF5-9577-C6EC72CE5474}"
EndProject
Global
	GlobalSection(SolutionConfigurationPlatforms) = preSolution
		Debug|Any CPU = Debug|Any CPU
		Release|Any CPU = Release|Any CPU
	EndGlobalSection
	GlobalSection(ProjectConfigurationPlatforms) = postSolution
		{1DA60283-C7FF-4CF5-9577-C6EC72CE5474}.Debug|Any CPU.ActiveCfg = Debug|Any CPU
		{1DA60283-C7FF-4CF5-9577-C6EC72CE5474}.Debug|Any CPU.Build.0 = Debug|Any CPU
		{1DA60283-C7FF-4CF5-9577-C6EC72CE5474}.Release|Any CPU.ActiveCfg = Release|Any CPU
		{1DA60283-C7FF-4CF5-9577-C6EC72CE5474}.Release|Any CPU.Build.0 = Release|Any CPU
	EndGlobalSection
	GlobalSection(SolutionProperties) = preSolution
		HideSolutionNode = FALSE
	EndGlobalSection
	GlobalSection(ExtensibilityGlobals) = postSolution
		SolutionGuid = {44B82ED3-15C8-4797-9699-4D7BB8B36822}
	EndGlobalSection
EndGlobal
